// !$*UTF8*$!
{
	archiveVersion = 1;
	classes = {
	};
	objectVersion = 46;
	objects = {

/* Begin PBXBuildFile section */
		607EF30314C33BAA00D801C9 /* scene.cpp in Sources */ = {isa = PBXBuildFile; fileRef = 607EF30214C33BAA00D801C9 /* scene.cpp */; };
		60EA722214B76B2100D2F3B3 /* main.cpp in Sources */ = {isa = PBXBuildFile; fileRef = 60EA722114B76B2100D2F3B3 /* main.cpp */; };
		60EA722414B76B2100D2F3B3 /* black_diamond_engine.1 in CopyFiles */ = {isa = PBXBuildFile; fileRef = 60EA722314B76B2100D2F3B3 /* black_diamond_engine.1 */; };
/* End PBXBuildFile section */

/* Begin PBXCopyFilesBuildPhase section */
		60EA721B14B76B2100D2F3B3 /* CopyFiles */ = {
			isa = PBXCopyFilesBuildPhase;
			buildActionMask = 2147483647;
			dstPath = /usr/share/man/man1/;
			dstSubfolderSpec = 0;
			files = (
				60EA722414B76B2100D2F3B3 /* black_diamond_engine.1 in CopyFiles */,
			);
			runOnlyForDeploymentPostprocessing = 1;
		};
/* End PBXCopyFilesBuildPhase section */

/* Begin PBXFileReference section */
		607EF30214C33BAA00D801C9 /* scene.cpp */ = {isa = PBXFileReference; fileEncoding = 4; lastKnownFileType = sourcecode.cpp.cpp; path = scene.cpp; sourceTree = "<group>"; };
		60EA721D14B76B2100D2F3B3 /* black-diamond-engine */ = {isa = PBXFileReference; explicitFileType = "compiled.mach-o.executable"; includeInIndex = 0; path = "black-diamond-engine"; sourceTree = BUILT_PRODUCTS_DIR; };
		60EA722114B76B2100D2F3B3 /* main.cpp */ = {isa = PBXFileReference; lastKnownFileType = sourcecode.cpp.cpp; path = main.cpp; sourceTree = "<group>"; };
		60EA722314B76B2100D2F3B3 /* black_diamond_engine.1 */ = {isa = PBXFileReference; lastKnownFileType = text.man; path = black_diamond_engine.1; sourceTree = "<group>"; };
/* End PBXFileReference section */

/* Begin PBXFrameworksBuildPhase section */
		60EA721A14B76B2100D2F3B3 /* Frameworks */ = {
			isa = PBXFrameworksBuildPhase;
			buildActionMask = 2147483647;
			files = (
			);
			runOnlyForDeploymentPostprocessing = 0;
		};
/* End PBXFrameworksBuildPhase section */

/* Begin PBXGroup section */
		60EA721214B76B2100D2F3B3 = {
			isa = PBXGroup;
			children = (
				60EA722014B76B2100D2F3B3 /* black-diamond-engine */,
				60EA721E14B76B2100D2F3B3 /* Products */,
			);
			sourceTree = "<group>";
		};
		60EA721E14B76B2100D2F3B3 /* Products */ = {
			isa = PBXGroup;
			children = (
				60EA721D14B76B2100D2F3B3 /* black-diamond-engine */,
			);
			name = Products;
			sourceTree = "<group>";
		};
		60EA722014B76B2100D2F3B3 /* black-diamond-engine */ = {
			isa = PBXGroup;
			children = (
				60EA722114B76B2100D2F3B3 /* main.cpp */,
				607EF30214C33BAA00D801C9 /* scene.cpp */,
				60EA722314B76B2100D2F3B3 /* black_diamond_engine.1 */,
			);
			path = "black-diamond-engine";
			sourceTree = "<group>";
		};
/* End PBXGroup section */

/* Begin PBXNativeTarget section */
		60EA721C14B76B2100D2F3B3 /* black-diamond-engine */ = {
			isa = PBXNativeTarget;
			buildConfigurationList = 60EA722714B76B2100D2F3B3 /* Build configuration list for PBXNativeTarget "black-diamond-engine" */;
			buildPhases = (
				60EA721914B76B2100D2F3B3 /* Sources */,
				60EA721A14B76B2100D2F3B3 /* Frameworks */,
				60EA721B14B76B2100D2F3B3 /* CopyFiles */,
			);
			buildRules = (
			);
			dependencies = (
			);
			name = "black-diamond-engine";
			productName = "black-diamond-engine";
			productReference = 60EA721D14B76B2100D2F3B3 /* black-diamond-engine */;
			productType = "com.apple.product-type.tool";
		};
/* End PBXNativeTarget section */

/* Begin PBXProject section */
		60EA721414B76B2100D2F3B3 /* Project object */ = {
			isa = PBXProject;
			attributes = {
				LastUpgradeCheck = 0420;
				ORGANIZATIONNAME = UDC;
			};
			buildConfigurationList = 60EA721714B76B2100D2F3B3 /* Build configuration list for PBXProject "black-diamond-engine" */;
			compatibilityVersion = "Xcode 3.2";
			developmentRegion = English;
			hasScannedForEncodings = 0;
			knownRegions = (
				en,
			);
			mainGroup = 60EA721214B76B2100D2F3B3;
			productRefGroup = 60EA721E14B76B2100D2F3B3 /* Products */;
			projectDirPath = "";
			projectRoot = "";
			targets = (
				60EA721C14B76B2100D2F3B3 /* black-diamond-engine */,
			);
		};
/* End PBXProject section */

/* Begin PBXSourcesBuildPhase section */
		60EA721914B76B2100D2F3B3 /* Sources */ = {
			isa = PBXSourcesBuildPhase;
			buildActionMask = 2147483647;
			files = (
				60EA722214B76B2100D2F3B3 /* main.cpp in Sources */,
				607EF30314C33BAA00D801C9 /* scene.cpp in Sources */,
			);
			runOnlyForDeploymentPostprocessing = 0;
		};
/* End PBXSourcesBuildPhase section */

/* Begin XCBuildConfiguration section */
		60EA722514B76B2100D2F3B3 /* Debug */ = {
			isa = XCBuildConfiguration;
			buildSettings = {
				ALWAYS_SEARCH_USER_PATHS = NO;
				ARCHS = "$(ARCHS_STANDARD_64_BIT)";
				CLANG_ENABLE_OBJC_ARC = YES;
				COPY_PHASE_STRIP = NO;
				GCC_C_LANGUAGE_STANDARD = gnu99;
				GCC_DYNAMIC_NO_PIC = NO;
				GCC_ENABLE_OBJC_EXCEPTIONS = YES;
				GCC_OPTIMIZATION_LEVEL = 0;
				GCC_PREPROCESSOR_DEFINITIONS = (
					"DEBUG=1",
					"$(inherited)",
				);
				GCC_SYMBOLS_PRIVATE_EXTERN = NO;
				GCC_VERSION = com.apple.compilers.llvm.clang.1_0;
				GCC_WARN_64_TO_32_BIT_CONVERSION = YES;
				GCC_WARN_ABOUT_MISSING_PROTOTYPES = YES;
				GCC_WARN_ABOUT_RETURN_TYPE = YES;
				GCC_WARN_UNUSED_VARIABLE = YES;
				MACOSX_DEPLOYMENT_TARGET = 10.7;
				ONLY_ACTIVE_ARCH = YES;
				SDKROOT = macosx;
			};
			name = Debug;
		};
		60EA722614B76B2100D2F3B3 /* Release */ = {
			isa = XCBuildConfiguration;
			buildSettings = {
				ALWAYS_SEARCH_USER_PATHS = NO;
				ARCHS = "$(ARCHS_STANDARD_64_BIT)";
				CLANG_ENABLE_OBJC_ARC = YES;
				COPY_PHASE_STRIP = YES;
				DEBUG_INFORMATION_FORMAT = "dwarf-with-dsym";
				GCC_C_LANGUAGE_STANDARD = gnu99;
				GCC_ENABLE_OBJC_EXCEPTIONS = YES;
				GCC_VERSION = com.apple.compilers.llvm.clang.1_0;
				GCC_WARN_64_TO_32_BIT_CONVERSION = YES;
				GCC_WARN_ABOUT_MISSING_PROTOTYPES = YES;
				GCC_WARN_ABOUT_RETURN_TYPE = YES;
				GCC_WARN_UNUSED_VARIABLE = YES;
				MACOSX_DEPLOYMENT_TARGET = 10.7;
				SDKROOT = macosx;
			};
			name = Release;
		};
		60EA722814B76B2100D2F3B3 /* Debug */ = {
			isa = XCBuildConfiguration;
			buildSettings = {
				PRODUCT_NAME = "$(TARGET_NAME)";
			};
			name = Debug;
		};
		60EA722914B76B2100D2F3B3 /* Release */ = {
			isa = XCBuildConfiguration;
			buildSettings = {
				PRODUCT_NAME = "$(TARGET_NAME)";
			};
			name = Release;
		};
/* End XCBuildConfiguration section */

/* Begin XCConfigurationList section */
		60EA721714B76B2100D2F3B3 /* Build configuration list for PBXProject "black-diamond-engine" */ = {
			isa = XCConfigurationList;
			buildConfigurations = (
				60EA722514B76B2100D2F3B3 /* Debug */,
				60EA722614B76B2100D2F3B3 /* Release */,
			);
			defaultConfigurationIsVisible = 0;
			defaultConfigurationName = Release;
		};
		60EA722714B76B2100D2F3B3 /* Build configuration list for PBXNativeTarget "black-diamond-engine" */ = {
			isa = XCConfigurationList;
			buildConfigurations = (
				60EA722814B76B2100D2F3B3 /* Debug */,
				60EA722914B76B2100D2F3B3 /* Release */,
			);
			defaultConfigurationIsVisible = 0;
			defaultConfigurationName = Release;
		};
/* End XCConfigurationList section */
	};
	rootObject = 60EA721414B76B2100D2F3B3 /* Project object */;
}
