// !$*UTF8*$!
{
	archiveVersion = 1;
	classes = {
	};
	objectVersion = 46;
	objects = {

/* Begin PBXBuildFile section */
		60105DF014C59D100007540B /* parser.cpp in Sources */ = {isa = PBXBuildFile; fileRef = 60105DEF14C59D100007540B /* parser.cpp */; };
		60105DF914C59D8F0007540B /* camera.cpp in Sources */ = {isa = PBXBuildFile; fileRef = 60105DF814C59D8F0007540B /* camera.cpp */; };
		60105DFC14C59DED0007540B /* light_source.cpp in Sources */ = {isa = PBXBuildFile; fileRef = 60105DFB14C59DED0007540B /* light_source.cpp */; };
		60105E0114C59EAD0007540B /* render.cpp in Sources */ = {isa = PBXBuildFile; fileRef = 60105E0014C59EAD0007540B /* render.cpp */; };
		60105E0414C59EDE0007540B /* image.cpp in Sources */ = {isa = PBXBuildFile; fileRef = 60105E0314C59EDE0007540B /* image.cpp */; };
		607EF30314C33BAA00D801C9 /* scene.cpp in Sources */ = {isa = PBXBuildFile; fileRef = 607EF30214C33BAA00D801C9 /* scene.cpp */; };
		60A22A3D14DB0A5300D2ABBC /* libblack-diamond-math.a in Frameworks */ = {isa = PBXBuildFile; fileRef = 60A22A3C14DB0A4700D2ABBC /* libblack-diamond-math.a */; };
		60A22A4C14DC375F00D2ABBC /* surfel.cpp in Sources */ = {isa = PBXBuildFile; fileRef = 60A22A4B14DC375F00D2ABBC /* surfel.cpp */; };
		60E8BC4A14D02CCB00FC9E57 /* tinystr.cpp in Sources */ = {isa = PBXBuildFile; fileRef = 60E8BC4414D02CCB00FC9E57 /* tinystr.cpp */; };
		60E8BC4B14D02CCB00FC9E57 /* tinyxml.cpp in Sources */ = {isa = PBXBuildFile; fileRef = 60E8BC4614D02CCB00FC9E57 /* tinyxml.cpp */; };
		60E8BC4C14D02CCB00FC9E57 /* tinyxmlerror.cpp in Sources */ = {isa = PBXBuildFile; fileRef = 60E8BC4814D02CCB00FC9E57 /* tinyxmlerror.cpp */; };
		60E8BC4D14D02CCB00FC9E57 /* tinyxmlparser.cpp in Sources */ = {isa = PBXBuildFile; fileRef = 60E8BC4914D02CCB00FC9E57 /* tinyxmlparser.cpp */; };
		60EA722214B76B2100D2F3B3 /* bde.cpp in Sources */ = {isa = PBXBuildFile; fileRef = 60EA722114B76B2100D2F3B3 /* bde.cpp */; };
		60EA722414B76B2100D2F3B3 /* black_diamond_engine.1 in CopyFiles */ = {isa = PBXBuildFile; fileRef = 60EA722314B76B2100D2F3B3 /* black_diamond_engine.1 */; };
		60F7A43814E02A790026075E /* ray.cpp in Sources */ = {isa = PBXBuildFile; fileRef = 60F7A43714E02A790026075E /* ray.cpp */; };
		60F7A43C14E9804F0026075E /* aggregate.cpp in Sources */ = {isa = PBXBuildFile; fileRef = 60F7A43B14E9804F0026075E /* aggregate.cpp */; };
		60F7A44014E9822F0026075E /* bbox.cpp in Sources */ = {isa = PBXBuildFile; fileRef = 60F7A43F14E9822F0026075E /* bbox.cpp */; };
		60F7A44214E993990026075E /* kdtreeaccel.cpp in Sources */ = {isa = PBXBuildFile; fileRef = 60F7A44114E993990026075E /* kdtreeaccel.cpp */; };
		60F7A44814EAB4E40026075E /* memoryarena.cpp in Sources */ = {isa = PBXBuildFile; fileRef = 60F7A44714EAB4E40026075E /* memoryarena.cpp */; };
/* End PBXBuildFile section */

/* Begin PBXContainerItemProxy section */
		60A22A3B14DB0A4700D2ABBC /* PBXContainerItemProxy */ = {
			isa = PBXContainerItemProxy;
			containerPortal = 60A22A3414DB0A4600D2ABBC /* black-diamond-math.xcodeproj */;
			proxyType = 2;
			remoteGlobalIDString = 60E8BC8314DAF23D00FC9E57;
			remoteInfo = "black-diamond-math";
		};
/* End PBXContainerItemProxy section */

/* Begin PBXCopyFilesBuildPhase section */
		60EA721B14B76B2100D2F3B3 /* CopyFiles */ = {
			isa = PBXCopyFilesBuildPhase;
			buildActionMask = 2147483647;
			dstPath = /usr/share/man/man1/;
			dstSubfolderSpec = 0;
			files = (
				60EA722414B76B2100D2F3B3 /* black_diamond_engine.1 in CopyFiles */,
			);
			runOnlyForDeploymentPostprocessing = 1;
		};
/* End PBXCopyFilesBuildPhase section */

/* Begin PBXFileReference section */
		60105DEB14C59BC70007540B /* scene.h */ = {isa = PBXFileReference; fileEncoding = 4; lastKnownFileType = sourcecode.c.h; path = scene.h; sourceTree = "<group>"; };
		60105DEF14C59D100007540B /* parser.cpp */ = {isa = PBXFileReference; fileEncoding = 4; lastKnownFileType = sourcecode.cpp.cpp; path = parser.cpp; sourceTree = "<group>"; };
		60105DF114C59D260007540B /* parser.h */ = {isa = PBXFileReference; fileEncoding = 4; lastKnownFileType = sourcecode.c.h; path = parser.h; sourceTree = "<group>"; };
		60105DF714C59D860007540B /* camera.h */ = {isa = PBXFileReference; fileEncoding = 4; lastKnownFileType = sourcecode.c.h; path = camera.h; sourceTree = "<group>"; };
		60105DF814C59D8F0007540B /* camera.cpp */ = {isa = PBXFileReference; fileEncoding = 4; lastKnownFileType = sourcecode.cpp.cpp; path = camera.cpp; sourceTree = "<group>"; };
		60105DFB14C59DED0007540B /* light_source.cpp */ = {isa = PBXFileReference; fileEncoding = 4; lastKnownFileType = sourcecode.cpp.cpp; path = light_source.cpp; sourceTree = "<group>"; };
		60105DFD14C59DFA0007540B /* light_source.h */ = {isa = PBXFileReference; fileEncoding = 4; lastKnownFileType = sourcecode.c.h; path = light_source.h; sourceTree = "<group>"; };
		60105DFF14C59EA40007540B /* render.h */ = {isa = PBXFileReference; fileEncoding = 4; lastKnownFileType = sourcecode.c.h; path = render.h; sourceTree = "<group>"; };
		60105E0014C59EAD0007540B /* render.cpp */ = {isa = PBXFileReference; fileEncoding = 4; lastKnownFileType = sourcecode.cpp.cpp; path = render.cpp; sourceTree = "<group>"; };
		60105E0314C59EDE0007540B /* image.cpp */ = {isa = PBXFileReference; fileEncoding = 4; lastKnownFileType = sourcecode.cpp.cpp; path = image.cpp; sourceTree = "<group>"; };
		60105E0514C59EE80007540B /* image.h */ = {isa = PBXFileReference; fileEncoding = 4; lastKnownFileType = sourcecode.c.h; path = image.h; sourceTree = "<group>"; };
		607EF30214C33BAA00D801C9 /* scene.cpp */ = {isa = PBXFileReference; fileEncoding = 4; lastKnownFileType = sourcecode.cpp.cpp; path = scene.cpp; sourceTree = "<group>"; };
		60A22A3414DB0A4600D2ABBC /* black-diamond-math.xcodeproj */ = {isa = PBXFileReference; lastKnownFileType = "wrapper.pb-project"; name = "black-diamond-math.xcodeproj"; path = "black-diamond-math/black-diamond-math.xcodeproj"; sourceTree = "<group>"; };
		60A22A4B14DC375F00D2ABBC /* surfel.cpp */ = {isa = PBXFileReference; fileEncoding = 4; lastKnownFileType = sourcecode.cpp.cpp; path = surfel.cpp; sourceTree = "<group>"; };
		60A22A4D14DC376F00D2ABBC /* surfel.h */ = {isa = PBXFileReference; fileEncoding = 4; lastKnownFileType = sourcecode.c.h; path = surfel.h; sourceTree = "<group>"; };
		60E8BC4414D02CCB00FC9E57 /* tinystr.cpp */ = {isa = PBXFileReference; fileEncoding = 4; lastKnownFileType = sourcecode.cpp.cpp; path = tinystr.cpp; sourceTree = "<group>"; };
		60E8BC4514D02CCB00FC9E57 /* tinystr.h */ = {isa = PBXFileReference; fileEncoding = 4; lastKnownFileType = sourcecode.c.h; path = tinystr.h; sourceTree = "<group>"; };
		60E8BC4614D02CCB00FC9E57 /* tinyxml.cpp */ = {isa = PBXFileReference; fileEncoding = 4; lastKnownFileType = sourcecode.cpp.cpp; path = tinyxml.cpp; sourceTree = "<group>"; };
		60E8BC4714D02CCB00FC9E57 /* tinyxml.h */ = {isa = PBXFileReference; fileEncoding = 4; lastKnownFileType = sourcecode.c.h; path = tinyxml.h; sourceTree = "<group>"; };
		60E8BC4814D02CCB00FC9E57 /* tinyxmlerror.cpp */ = {isa = PBXFileReference; fileEncoding = 4; lastKnownFileType = sourcecode.cpp.cpp; path = tinyxmlerror.cpp; sourceTree = "<group>"; };
		60E8BC4914D02CCB00FC9E57 /* tinyxmlparser.cpp */ = {isa = PBXFileReference; fileEncoding = 4; lastKnownFileType = sourcecode.cpp.cpp; path = tinyxmlparser.cpp; sourceTree = "<group>"; };
		60EA721D14B76B2100D2F3B3 /* black-diamond-engine */ = {isa = PBXFileReference; explicitFileType = "compiled.mach-o.executable"; includeInIndex = 0; path = "black-diamond-engine"; sourceTree = BUILT_PRODUCTS_DIR; };
		60EA722114B76B2100D2F3B3 /* bde.cpp */ = {isa = PBXFileReference; lastKnownFileType = sourcecode.cpp.cpp; path = bde.cpp; sourceTree = "<group>"; };
		60EA722314B76B2100D2F3B3 /* black_diamond_engine.1 */ = {isa = PBXFileReference; lastKnownFileType = text.man; name = black_diamond_engine.1; path = "black-diamond-engine/black_diamond_engine.1"; sourceTree = "<group>"; };
		60F7A43614E02A6E0026075E /* ray.h */ = {isa = PBXFileReference; fileEncoding = 4; lastKnownFileType = sourcecode.c.h; path = ray.h; sourceTree = "<group>"; };
		60F7A43714E02A790026075E /* ray.cpp */ = {isa = PBXFileReference; fileEncoding = 4; lastKnownFileType = sourcecode.cpp.cpp; path = ray.cpp; sourceTree = "<group>"; };
		60F7A43B14E9804F0026075E /* aggregate.cpp */ = {isa = PBXFileReference; fileEncoding = 4; lastKnownFileType = sourcecode.cpp.cpp; path = aggregate.cpp; sourceTree = "<group>"; };
		60F7A43D14E9805D0026075E /* aggregate.h */ = {isa = PBXFileReference; fileEncoding = 4; lastKnownFileType = sourcecode.c.h; path = aggregate.h; sourceTree = "<group>"; };
		60F7A43E14E9821F0026075E /* bbox.h */ = {isa = PBXFileReference; fileEncoding = 4; lastKnownFileType = sourcecode.c.h; path = bbox.h; sourceTree = "<group>"; };
		60F7A43F14E9822F0026075E /* bbox.cpp */ = {isa = PBXFileReference; fileEncoding = 4; lastKnownFileType = sourcecode.cpp.cpp; path = bbox.cpp; sourceTree = "<group>"; };
		60F7A44114E993990026075E /* kdtreeaccel.cpp */ = {isa = PBXFileReference; fileEncoding = 4; lastKnownFileType = sourcecode.cpp.cpp; path = kdtreeaccel.cpp; sourceTree = "<group>"; };
		60F7A44314E993A80026075E /* kdtreeaccel.h */ = {isa = PBXFileReference; fileEncoding = 4; lastKnownFileType = sourcecode.c.h; path = kdtreeaccel.h; sourceTree = "<group>"; };
		60F7A44714EAB4E40026075E /* memoryarena.cpp */ = {isa = PBXFileReference; fileEncoding = 4; lastKnownFileType = sourcecode.cpp.cpp; path = memoryarena.cpp; sourceTree = "<group>"; };
		60F7A44914EAB4EE0026075E /* memoryarena.h */ = {isa = PBXFileReference; fileEncoding = 4; lastKnownFileType = sourcecode.c.h; path = memoryarena.h; sourceTree = "<group>"; };
/* End PBXFileReference section */

/* Begin PBXFrameworksBuildPhase section */
		60EA721A14B76B2100D2F3B3 /* Frameworks */ = {
			isa = PBXFrameworksBuildPhase;
			buildActionMask = 2147483647;
			files = (
				60A22A3D14DB0A5300D2ABBC /* libblack-diamond-math.a in Frameworks */,
			);
			runOnlyForDeploymentPostprocessing = 0;
		};
/* End PBXFrameworksBuildPhase section */

/* Begin PBXGroup section */
		60105DED14C59C200007540B /* scene */ = {
			isa = PBXGroup;
			children = (
				60105DEB14C59BC70007540B /* scene.h */,
				607EF30214C33BAA00D801C9 /* scene.cpp */,
			);
			name = scene;
			sourceTree = "<group>";
		};
		60105DEE14C59CCF0007540B /* parser */ = {
			isa = PBXGroup;
			children = (
				60E8BC4314D02CCA00FC9E57 /* tools */,
				60105DEF14C59D100007540B /* parser.cpp */,
				60105DF114C59D260007540B /* parser.h */,
			);
			name = parser;
			sourceTree = "<group>";
		};
		60105DF614C59D750007540B /* camera */ = {
			isa = PBXGroup;
			children = (
				60105DF714C59D860007540B /* camera.h */,
				60105DF814C59D8F0007540B /* camera.cpp */,
			);
			name = camera;
			sourceTree = "<group>";
		};
		60105DFA14C59DD00007540B /* light_source */ = {
			isa = PBXGroup;
			children = (
				60105DFB14C59DED0007540B /* light_source.cpp */,
				60105DFD14C59DFA0007540B /* light_source.h */,
			);
			name = light_source;
			sourceTree = "<group>";
		};
		60105DFE14C59E960007540B /* render */ = {
			isa = PBXGroup;
			children = (
				60105DFF14C59EA40007540B /* render.h */,
				60105E0014C59EAD0007540B /* render.cpp */,
			);
			name = render;
			sourceTree = "<group>";
		};
		60105E0214C59ED00007540B /* image */ = {
			isa = PBXGroup;
			children = (
				60105E0314C59EDE0007540B /* image.cpp */,
				60105E0514C59EE80007540B /* image.h */,
			);
			name = image;
			sourceTree = "<group>";
		};
		60A22A3514DB0A4600D2ABBC /* Products */ = {
			isa = PBXGroup;
			children = (
				60A22A3C14DB0A4700D2ABBC /* libblack-diamond-math.a */,
			);
			name = Products;
			sourceTree = "<group>";
		};
		60A22A4A14DC374400D2ABBC /* surfel */ = {
			isa = PBXGroup;
			children = (
				60A22A4D14DC376F00D2ABBC /* surfel.h */,
				60A22A4B14DC375F00D2ABBC /* surfel.cpp */,
			);
			name = surfel;
			sourceTree = "<group>";
		};
		60E8BC4314D02CCA00FC9E57 /* tools */ = {
			isa = PBXGroup;
			children = (
				60E8BC4414D02CCB00FC9E57 /* tinystr.cpp */,
				60E8BC4514D02CCB00FC9E57 /* tinystr.h */,
				60E8BC4614D02CCB00FC9E57 /* tinyxml.cpp */,
				60E8BC4714D02CCB00FC9E57 /* tinyxml.h */,
				60E8BC4814D02CCB00FC9E57 /* tinyxmlerror.cpp */,
				60E8BC4914D02CCB00FC9E57 /* tinyxmlparser.cpp */,
			);
			path = tools;
			sourceTree = "<group>";
		};
		60EA721214B76B2100D2F3B3 = {
			isa = PBXGroup;
			children = (
				60EA722014B76B2100D2F3B3 /* black-diamond-engine */,
				60EA721E14B76B2100D2F3B3 /* Products */,
				60EA722314B76B2100D2F3B3 /* black_diamond_engine.1 */,
			);
			sourceTree = "<group>";
		};
		60EA721E14B76B2100D2F3B3 /* Products */ = {
			isa = PBXGroup;
			children = (
				60EA721D14B76B2100D2F3B3 /* black-diamond-engine */,
			);
			name = Products;
			sourceTree = "<group>";
		};
		60EA722014B76B2100D2F3B3 /* black-diamond-engine */ = {
			isa = PBXGroup;
			children = (
				60EA722114B76B2100D2F3B3 /* bde.cpp */,
				60F7A43A14E980240026075E /* aggregate */,
				60F7A43914E02A7E0026075E /* ray */,
				60105E0214C59ED00007540B /* image */,
				60105DFE14C59E960007540B /* render */,
				60105DFA14C59DD00007540B /* light_source */,
				60105DF614C59D750007540B /* camera */,
				60105DEE14C59CCF0007540B /* parser */,
				60105DED14C59C200007540B /* scene */,
				60A22A4A14DC374400D2ABBC /* surfel */,
				60A22A3414DB0A4600D2ABBC /* black-diamond-math.xcodeproj */,
			);
			path = "black-diamond-engine";
			sourceTree = "<group>";
		};
		60F7A43914E02A7E0026075E /* ray */ = {
			isa = PBXGroup;
			children = (
				60F7A43614E02A6E0026075E /* ray.h */,
				60F7A43714E02A790026075E /* ray.cpp */,
			);
			name = ray;
			sourceTree = "<group>";
		};
		60F7A43A14E980240026075E /* aggregate */ = {
			isa = PBXGroup;
			children = (
				60F7A43E14E9821F0026075E /* bbox.h */,
				60F7A43F14E9822F0026075E /* bbox.cpp */,
				60F7A44914EAB4EE0026075E /* memoryarena.h */,
				60F7A44714EAB4E40026075E /* memoryarena.cpp */,
				60F7A44314E993A80026075E /* kdtreeaccel.h */,
				60F7A44114E993990026075E /* kdtreeaccel.cpp */,
				60F7A43D14E9805D0026075E /* aggregate.h */,
				60F7A43B14E9804F0026075E /* aggregate.cpp */,
			);
			name = aggregate;
			sourceTree = "<group>";
		};
/* End PBXGroup section */

/* Begin PBXNativeTarget section */
		60EA721C14B76B2100D2F3B3 /* black-diamond-engine */ = {
			isa = PBXNativeTarget;
			buildConfigurationList = 60EA722714B76B2100D2F3B3 /* Build configuration list for PBXNativeTarget "black-diamond-engine" */;
			buildPhases = (
				60EA721914B76B2100D2F3B3 /* Sources */,
				60EA721A14B76B2100D2F3B3 /* Frameworks */,
				60EA721B14B76B2100D2F3B3 /* CopyFiles */,
			);
			buildRules = (
			);
			dependencies = (
			);
			name = "black-diamond-engine";
			productName = "black-diamond-engine";
			productReference = 60EA721D14B76B2100D2F3B3 /* black-diamond-engine */;
			productType = "com.apple.product-type.tool";
		};
/* End PBXNativeTarget section */

/* Begin PBXProject section */
		60EA721414B76B2100D2F3B3 /* Project object */ = {
			isa = PBXProject;
			attributes = {
				LastUpgradeCheck = 0420;
				ORGANIZATIONNAME = UDC;
			};
			buildConfigurationList = 60EA721714B76B2100D2F3B3 /* Build configuration list for PBXProject "black-diamond-engine" */;
			compatibilityVersion = "Xcode 3.2";
			developmentRegion = English;
			hasScannedForEncodings = 0;
			knownRegions = (
				en,
			);
			mainGroup = 60EA721214B76B2100D2F3B3;
			productRefGroup = 60EA721E14B76B2100D2F3B3 /* Products */;
			projectDirPath = "";
			projectReferences = (
				{
					ProductGroup = 60A22A3514DB0A4600D2ABBC /* Products */;
					ProjectRef = 60A22A3414DB0A4600D2ABBC /* black-diamond-math.xcodeproj */;
				},
			);
			projectRoot = "";
			targets = (
				60EA721C14B76B2100D2F3B3 /* black-diamond-engine */,
			);
		};
/* End PBXProject section */

/* Begin PBXReferenceProxy section */
		60A22A3C14DB0A4700D2ABBC /* libblack-diamond-math.a */ = {
			isa = PBXReferenceProxy;
			fileType = archive.ar;
			path = "libblack-diamond-math.a";
			remoteRef = 60A22A3B14DB0A4700D2ABBC /* PBXContainerItemProxy */;
			sourceTree = BUILT_PRODUCTS_DIR;
		};
/* End PBXReferenceProxy section */

/* Begin PBXSourcesBuildPhase section */
		60EA721914B76B2100D2F3B3 /* Sources */ = {
			isa = PBXSourcesBuildPhase;
			buildActionMask = 2147483647;
			files = (
				60EA722214B76B2100D2F3B3 /* bde.cpp in Sources */,
				607EF30314C33BAA00D801C9 /* scene.cpp in Sources */,
				60105DF014C59D100007540B /* parser.cpp in Sources */,
				60105DF914C59D8F0007540B /* camera.cpp in Sources */,
				60105DFC14C59DED0007540B /* light_source.cpp in Sources */,
				60105E0114C59EAD0007540B /* render.cpp in Sources */,
				60105E0414C59EDE0007540B /* image.cpp in Sources */,
				60E8BC4A14D02CCB00FC9E57 /* tinystr.cpp in Sources */,
				60E8BC4B14D02CCB00FC9E57 /* tinyxml.cpp in Sources */,
				60E8BC4C14D02CCB00FC9E57 /* tinyxmlerror.cpp in Sources */,
				60E8BC4D14D02CCB00FC9E57 /* tinyxmlparser.cpp in Sources */,
				60A22A4C14DC375F00D2ABBC /* surfel.cpp in Sources */,
				60F7A43814E02A790026075E /* ray.cpp in Sources */,
				60F7A43C14E9804F0026075E /* aggregate.cpp in Sources */,
				60F7A44014E9822F0026075E /* bbox.cpp in Sources */,
				60F7A44214E993990026075E /* kdtreeaccel.cpp in Sources */,
				60F7A44814EAB4E40026075E /* memoryarena.cpp in Sources */,
			);
			runOnlyForDeploymentPostprocessing = 0;
		};
/* End PBXSourcesBuildPhase section */

/* Begin XCBuildConfiguration section */
		60EA722514B76B2100D2F3B3 /* Debug */ = {
			isa = XCBuildConfiguration;
			buildSettings = {
				ALWAYS_SEARCH_USER_PATHS = NO;
				ARCHS = "$(ARCHS_STANDARD_64_BIT)";
				CLANG_ENABLE_OBJC_ARC = YES;
				COPY_PHASE_STRIP = NO;
				DEBUG_INFORMATION_FORMAT = "dwarf-with-dsym";
				ENABLE_OPENMP_SUPPORT = YES;
				GCC_C_LANGUAGE_STANDARD = gnu99;
				GCC_DYNAMIC_NO_PIC = NO;
				GCC_ENABLE_OBJC_EXCEPTIONS = YES;
				GCC_OPTIMIZATION_LEVEL = 0;
				GCC_PREPROCESSOR_DEFINITIONS = (
					"DEBUG=1",
					"$(inherited)",
				);
				GCC_SYMBOLS_PRIVATE_EXTERN = NO;
				GCC_VERSION = com.apple.compilers.llvmgcc42;
				GCC_WARN_64_TO_32_BIT_CONVERSION = YES;
				GCC_WARN_ABOUT_MISSING_PROTOTYPES = YES;
				GCC_WARN_ABOUT_RETURN_TYPE = YES;
				GCC_WARN_UNUSED_VARIABLE = YES;
				MACOSX_DEPLOYMENT_TARGET = 10.7;
				ONLY_ACTIVE_ARCH = YES;
				OTHER_LDFLAGS = "";
				SDKROOT = macosx;
				WARNING_CFLAGS = "$(OTHER_CFLAGS)";
			};
			name = Debug;
		};
		60EA722614B76B2100D2F3B3 /* Release */ = {
			isa = XCBuildConfiguration;
			buildSettings = {
				ALWAYS_SEARCH_USER_PATHS = NO;
				ARCHS = "$(ARCHS_STANDARD_64_BIT)";
				CLANG_ENABLE_OBJC_ARC = YES;
				COPY_PHASE_STRIP = YES;
				DEBUG_INFORMATION_FORMAT = "dwarf-with-dsym";
				ENABLE_OPENMP_SUPPORT = YES;
				GCC_C_LANGUAGE_STANDARD = gnu99;
				GCC_ENABLE_OBJC_EXCEPTIONS = YES;
				GCC_VERSION = com.apple.compilers.llvmgcc42;
				GCC_WARN_64_TO_32_BIT_CONVERSION = YES;
				GCC_WARN_ABOUT_MISSING_PROTOTYPES = YES;
				GCC_WARN_ABOUT_RETURN_TYPE = YES;
				GCC_WARN_UNUSED_VARIABLE = YES;
				MACOSX_DEPLOYMENT_TARGET = 10.7;
				ONLY_ACTIVE_ARCH = YES;
				OTHER_LDFLAGS = "";
				SDKROOT = macosx;
				WARNING_CFLAGS = "$(OTHER_CFLAGS)";
			};
			name = Release;
		};
		60EA722814B76B2100D2F3B3 /* Debug */ = {
			isa = XCBuildConfiguration;
			buildSettings = {
				ENABLE_OPENMP_SUPPORT = YES;
				GCC_VERSION = com.apple.compilers.llvmgcc42;
				HEADER_SEARCH_PATHS = "";
				LIBRARY_SEARCH_PATHS = "";
				OTHER_CPLUSPLUSFLAGS = (
					"-H",
					"$(OTHER_CFLAGS)",
				);
				OTHER_LDFLAGS = "-lpng";
				PRODUCT_NAME = "$(TARGET_NAME)";
				USER_HEADER_SEARCH_PATHS = "/Users/osurfer3/Dropbox/PFC/black-diamond-engine/black-diamond-engine/black-diamond-math/";
			};
			name = Debug;
		};
		60EA722914B76B2100D2F3B3 /* Release */ = {
			isa = XCBuildConfiguration;
			buildSettings = {
				ENABLE_OPENMP_SUPPORT = YES;
				GCC_VERSION = com.apple.compilers.llvmgcc42;
				HEADER_SEARCH_PATHS = "";
				LIBRARY_SEARCH_PATHS = "";
				OTHER_CPLUSPLUSFLAGS = (
					"-H",
					"$(OTHER_CFLAGS)",
				);
				OTHER_LDFLAGS = "-lpng";
				PRODUCT_NAME = "$(TARGET_NAME)";
				USER_HEADER_SEARCH_PATHS = "/Users/osurfer3/Dropbox/PFC/black-diamond-engine/black-diamond-engine/black-diamond-math/";
			};
			name = Release;
		};
/* End XCBuildConfiguration section */

/* Begin XCConfigurationList section */
		60EA721714B76B2100D2F3B3 /* Build configuration list for PBXProject "black-diamond-engine" */ = {
			isa = XCConfigurationList;
			buildConfigurations = (
				60EA722514B76B2100D2F3B3 /* Debug */,
				60EA722614B76B2100D2F3B3 /* Release */,
			);
			defaultConfigurationIsVisible = 0;
			defaultConfigurationName = Release;
		};
		60EA722714B76B2100D2F3B3 /* Build configuration list for PBXNativeTarget "black-diamond-engine" */ = {
			isa = XCConfigurationList;
			buildConfigurations = (
				60EA722814B76B2100D2F3B3 /* Debug */,
				60EA722914B76B2100D2F3B3 /* Release */,
			);
			defaultConfigurationIsVisible = 0;
			defaultConfigurationName = Release;
		};
/* End XCConfigurationList section */
	};
	rootObject = 60EA721414B76B2100D2F3B3 /* Project object */;
}
